
Microsoft Visual Studio Solution File, Format Version 12.00
# Visual Studio Version 17
VisualStudioVersion = 17.13.35825.156 d17.13
MinimumVisualStudioVersion = 10.0.40219.1
Project("{FAE04EC0-301F-11D3-BF4B-00C04F79EFBC}") = "DatingApi", "DatingApp\DatingApi.csproj", "{255CE543-A367-40B3-8F6A-E7ABD88C9DC4}"
EndProject
Global
	GlobalSection(SolutionConfigurationPlatforms) = preSolution
		Debug|Any CPU = Debug|Any CPU
		Release|Any CPU = Release|Any CPU
	EndGlobalSection
	GlobalSection(ProjectConfigurationPlatforms) = postSolution
		{255CE543-A367-40B3-8F6A-E7ABD88C9DC4}.Debug|Any CPU.ActiveCfg = Debug|Any CPU
		{255CE543-A367-40B3-8F6A-E7ABD88C9DC4}.Debug|Any CPU.Build.0 = Debug|Any CPU
		{255CE543-A367-40B3-8F6A-E7ABD88C9DC4}.Release|Any CPU.ActiveCfg = Release|Any CPU
		{255CE543-A367-40B3-8F6A-E7ABD88C9DC4}.Release|Any CPU.Build.0 = Release|Any CPU
	EndGlobalSection
	GlobalSection(SolutionProperties) = preSolution
		HideSolutionNode = FALSE
	EndGlobalSection
	GlobalSection(ExtensibilityGlobals) = postSolution
		SolutionGuid = {50257C4B-F90D-4124-BD22-CC8EAFE205C7}
	EndGlobalSection
EndGlobal
