
Microsoft Visual Studio Solution File, Format Version 12.00
# Visual Studio Version 17
VisualStudioVersion = 17.0.31903.59
MinimumVisualStudioVersion = 10.0.40219.1
Project("{2150E333-8FDC-42A3-9474-1A3956D46DE8}") = "src", "src", "{97EE0174-3CD7-4E64-A7D7-3A2D47BE717B}"
EndProject
Project("{2150E333-8FDC-42A3-9474-1A3956D46DE8}") = "CleanArchitecture", "CleanArchitecture", "{EC01D545-C225-4EB2-9E19-5DB475923657}"
EndProject
Project("{FAE04EC0-301F-11D3-BF4B-00C04F79EFBC}") = "CleanArchitecture.Domain", "src\CleanArchitecture\CleanArchitecture.Domain\CleanArchitecture.Domain.csproj", "{6995B054-BA87-4433-9CA4-36F1F6719189}"
EndProject
Global
	GlobalSection(SolutionConfigurationPlatforms) = preSolution
		Debug|Any CPU = Debug|Any CPU
		Release|Any CPU = Release|Any CPU
	EndGlobalSection
	GlobalSection(SolutionProperties) = preSolution
		HideSolutionNode = FALSE
	EndGlobalSection
	GlobalSection(ProjectConfigurationPlatforms) = postSolution
		{6995B054-BA87-4433-9CA4-36F1F6719189}.Debug|Any CPU.ActiveCfg = Debug|Any CPU
		{6995B054-BA87-4433-9CA4-36F1F6719189}.Debug|Any CPU.Build.0 = Debug|Any CPU
		{6995B054-BA87-4433-9CA4-36F1F6719189}.Release|Any CPU.ActiveCfg = Release|Any CPU
		{6995B054-BA87-4433-9CA4-36F1F6719189}.Release|Any CPU.Build.0 = Release|Any CPU
	EndGlobalSection
	GlobalSection(NestedProjects) = preSolution
		{EC01D545-C225-4EB2-9E19-5DB475923657} = {97EE0174-3CD7-4E64-A7D7-3A2D47BE717B}
		{6995B054-BA87-4433-9CA4-36F1F6719189} = {EC01D545-C225-4EB2-9E19-5DB475923657}
	EndGlobalSection
EndGlobal
