
Microsoft Visual Studio Solution File, Format Version 12.00
# Visual Studio Version 17
VisualStudioVersion = 17.10.35027.167
MinimumVisualStudioVersion = 10.0.40219.1
Project("{FAE04EC0-301F-11D3-BF4B-00C04F79EFBC}") = "Rocosa", "Rocosa\Rocosa.csproj", "{98C9CFF1-5A7E-48DF-AFC7-A933EC5A9ED3}"
EndProject
Global
	GlobalSection(SolutionConfigurationPlatforms) = preSolution
		Debug|Any CPU = Debug|Any CPU
		Release|Any CPU = Release|Any CPU
	EndGlobalSection
	GlobalSection(ProjectConfigurationPlatforms) = postSolution
		{98C9CFF1-5A7E-48DF-AFC7-A933EC5A9ED3}.Debug|Any CPU.ActiveCfg = Debug|Any CPU
		{98C9CFF1-5A7E-48DF-AFC7-A933EC5A9ED3}.Debug|Any CPU.Build.0 = Debug|Any CPU
		{98C9CFF1-5A7E-48DF-AFC7-A933EC5A9ED3}.Release|Any CPU.ActiveCfg = Release|Any CPU
		{98C9CFF1-5A7E-48DF-AFC7-A933EC5A9ED3}.Release|Any CPU.Build.0 = Release|Any CPU
	EndGlobalSection
	GlobalSection(SolutionProperties) = preSolution
		HideSolutionNode = FALSE
	EndGlobalSection
	GlobalSection(ExtensibilityGlobals) = postSolution
		SolutionGuid = {D254EC9D-2E5D-43A4-BD48-5FE3B016823E}
	EndGlobalSection
EndGlobal
